
Microsoft Visual Studio Solution File, Format Version 12.00
# Visual Studio Version 16
VisualStudioVersion = 16.0.30002.166
MinimumVisualStudioVersion = 10.0.40219.1
Project("{FAE04EC0-301F-11D3-BF4B-00C04F79EFBC}") = "SwitchCaseOrnek", "SwitchCaseOrnek\SwitchCaseOrnek.csproj", "{D63EE302-CA16-40D2-9E87-41A98A20326C}"
EndProject
Global
	GlobalSection(SolutionConfigurationPlatforms) = preSolution
		Debug|Any CPU = Debug|Any CPU
		Release|Any CPU = Release|Any CPU
	EndGlobalSection
	GlobalSection(ProjectConfigurationPlatforms) = postSolution
		{D63EE302-CA16-40D2-9E87-41A98A20326C}.Debug|Any CPU.ActiveCfg = Debug|Any CPU
		{D63EE302-CA16-40D2-9E87-41A98A20326C}.Debug|Any CPU.Build.0 = Debug|Any CPU
		{D63EE302-CA16-40D2-9E87-41A98A20326C}.Release|Any CPU.ActiveCfg = Release|Any CPU
		{D63EE302-CA16-40D2-9E87-41A98A20326C}.Release|Any CPU.Build.0 = Release|Any CPU
	EndGlobalSection
	GlobalSection(SolutionProperties) = preSolution
		HideSolutionNode = FALSE
	EndGlobalSection
	GlobalSection(ExtensibilityGlobals) = postSolution
		SolutionGuid = {95993525-6FF5-4961-A492-E0A2B1A0A266}
	EndGlobalSection
EndGlobal
